// !$*UTF8*$!
{
	archiveVersion = 1;
	classes = {
	};
	objectVersion = 50;
	objects = {

/* Begin PBXBuildFile section */
		5DDE0B6421E364C9001F52B5 /* AppDelegate.swift in Sources */ = {isa = PBXBuildFile; fileRef = 5DDE0B6321E364C9001F52B5 /* AppDelegate.swift */; };
		5DDE0B6621E364C9001F52B5 /* ViewController.swift in Sources */ = {isa = PBXBuildFile; fileRef = 5DDE0B6521E364C9001F52B5 /* ViewController.swift */; };
		5DDE0B6B21E364CC001F52B5 /* Assets.xcassets in Resources */ = {isa = PBXBuildFile; fileRef = 5DDE0B6A21E364CC001F52B5 /* Assets.xcassets */; };
		5DDE0B6E21E364CC001F52B5 /* LaunchScreen.storyboard in Resources */ = {isa = PBXBuildFile; fileRef = 5DDE0B6C21E364CC001F52B5 /* LaunchScreen.storyboard */; };
		5DDE0B7621E364F7001F52B5 /* Main.storyboard in Resources */ = {isa = PBXBuildFile; fileRef = 5DDE0B7521E364F7001F52B5 /* Main.storyboard */; };
		5DDE0B7821E36542001F52B5 /* ProfileViewController.swift in Sources */ = {isa = PBXBuildFile; fileRef = 5DDE0B7721E36542001F52B5 /* ProfileViewController.swift */; };
		ADAEF97121E4E4EF0038F467 /* Extensions.swift in Sources */ = {isa = PBXBuildFile; fileRef = ADAEF96D21E4E4EE0038F467 /* Extensions.swift */; };
		ADAEF97221E4E4EF0038F467 /* ApplicationWindow.swift in Sources */ = {isa = PBXBuildFile; fileRef = ADAEF96E21E4E4EE0038F467 /* ApplicationWindow.swift */; };
		ADAEF97321E4E4EF0038F467 /* GeneralUITest.swift in Sources */ = {isa = PBXBuildFile; fileRef = ADAEF96F21E4E4EE0038F467 /* GeneralUITest.swift */; };
		ADAEF97421E4E4EF0038F467 /* LoginUITest.swift in Sources */ = {isa = PBXBuildFile; fileRef = ADAEF97021E4E4EE0038F467 /* LoginUITest.swift */; };
/* End PBXBuildFile section */

/* Begin PBXContainerItemProxy section */
		ADAEF96821E4E4D90038F467 /* PBXContainerItemProxy */ = {
			isa = PBXContainerItemProxy;
			containerPortal = 5DDE0B5821E364C9001F52B5 /* Project object */;
			proxyType = 1;
			remoteGlobalIDString = 5DDE0B5F21E364C9001F52B5;
			remoteInfo = LoginApp;
		};
/* End PBXContainerItemProxy section */

/* Begin PBXFileReference section */
		5DDE0B6021E364C9001F52B5 /* LoginApp.app */ = {isa = PBXFileReference; explicitFileType = wrapper.application; includeInIndex = 0; path = LoginApp.app; sourceTree = BUILT_PRODUCTS_DIR; };
		5DDE0B6321E364C9001F52B5 /* AppDelegate.swift */ = {isa = PBXFileReference; lastKnownFileType = sourcecode.swift; path = AppDelegate.swift; sourceTree = "<group>"; };
		5DDE0B6521E364C9001F52B5 /* ViewController.swift */ = {isa = PBXFileReference; lastKnownFileType = sourcecode.swift; path = ViewController.swift; sourceTree = "<group>"; };
		5DDE0B6A21E364CC001F52B5 /* Assets.xcassets */ = {isa = PBXFileReference; lastKnownFileType = folder.assetcatalog; path = Assets.xcassets; sourceTree = "<group>"; };
		5DDE0B6D21E364CC001F52B5 /* Base */ = {isa = PBXFileReference; lastKnownFileType = file.storyboard; name = Base; path = Base.lproj/LaunchScreen.storyboard; sourceTree = "<group>"; };
		5DDE0B6F21E364CC001F52B5 /* Info.plist */ = {isa = PBXFileReference; lastKnownFileType = text.plist.xml; path = Info.plist; sourceTree = "<group>"; };
		5DDE0B7521E364F7001F52B5 /* Main.storyboard */ = {isa = PBXFileReference; fileEncoding = 4; lastKnownFileType = file.storyboard; path = Main.storyboard; sourceTree = "<group>"; };
		5DDE0B7721E36542001F52B5 /* ProfileViewController.swift */ = {isa = PBXFileReference; fileEncoding = 4; lastKnownFileType = sourcecode.swift; path = ProfileViewController.swift; sourceTree = "<group>"; };
		ADAEF96321E4E4D80038F467 /* LoginAppUITests.xctest */ = {isa = PBXFileReference; explicitFileType = wrapper.cfbundle; includeInIndex = 0; path = LoginAppUITests.xctest; sourceTree = BUILT_PRODUCTS_DIR; };
		ADAEF96721E4E4D90038F467 /* Info.plist */ = {isa = PBXFileReference; lastKnownFileType = text.plist.xml; path = Info.plist; sourceTree = "<group>"; };
		ADAEF96D21E4E4EE0038F467 /* Extensions.swift */ = {isa = PBXFileReference; fileEncoding = 4; lastKnownFileType = sourcecode.swift; path = Extensions.swift; sourceTree = "<group>"; };
		ADAEF96E21E4E4EE0038F467 /* ApplicationWindow.swift */ = {isa = PBXFileReference; fileEncoding = 4; lastKnownFileType = sourcecode.swift; path = ApplicationWindow.swift; sourceTree = "<group>"; };
		ADAEF96F21E4E4EE0038F467 /* GeneralUITest.swift */ = {isa = PBXFileReference; fileEncoding = 4; lastKnownFileType = sourcecode.swift; path = GeneralUITest.swift; sourceTree = "<group>"; };
		ADAEF97021E4E4EE0038F467 /* LoginUITest.swift */ = {isa = PBXFileReference; fileEncoding = 4; lastKnownFileType = sourcecode.swift; path = LoginUITest.swift; sourceTree = "<group>"; };
/* End PBXFileReference section */

/* Begin PBXFrameworksBuildPhase section */
		5DDE0B5D21E364C9001F52B5 /* Frameworks */ = {
			isa = PBXFrameworksBuildPhase;
			buildActionMask = 2147483647;
			files = (
			);
			runOnlyForDeploymentPostprocessing = 0;
		};
		ADAEF96021E4E4D80038F467 /* Frameworks */ = {
			isa = PBXFrameworksBuildPhase;
			buildActionMask = 2147483647;
			files = (
			);
			runOnlyForDeploymentPostprocessing = 0;
		};
/* End PBXFrameworksBuildPhase section */

/* Begin PBXGroup section */
		5DDE0B5721E364C9001F52B5 = {
			isa = PBXGroup;
			children = (
				5DDE0B6221E364C9001F52B5 /* LoginApp */,
				ADAEF96421E4E4D90038F467 /* LoginAppUITests */,
				5DDE0B6121E364C9001F52B5 /* Products */,
			);
			sourceTree = "<group>";
		};
		5DDE0B6121E364C9001F52B5 /* Products */ = {
			isa = PBXGroup;
			children = (
				5DDE0B6021E364C9001F52B5 /* LoginApp.app */,
				ADAEF96321E4E4D80038F467 /* LoginAppUITests.xctest */,
			);
			name = Products;
			sourceTree = "<group>";
		};
		5DDE0B6221E364C9001F52B5 /* LoginApp */ = {
			isa = PBXGroup;
			children = (
				5DDE0B6321E364C9001F52B5 /* AppDelegate.swift */,
				5DDE0B6521E364C9001F52B5 /* ViewController.swift */,
				5DDE0B7721E36542001F52B5 /* ProfileViewController.swift */,
				5DDE0B7521E364F7001F52B5 /* Main.storyboard */,
				5DDE0B6A21E364CC001F52B5 /* Assets.xcassets */,
				5DDE0B6C21E364CC001F52B5 /* LaunchScreen.storyboard */,
				5DDE0B6F21E364CC001F52B5 /* Info.plist */,
			);
			path = LoginApp;
			sourceTree = "<group>";
		};
		ADAEF96421E4E4D90038F467 /* LoginAppUITests */ = {
			isa = PBXGroup;
			children = (
				ADAEF96E21E4E4EE0038F467 /* ApplicationWindow.swift */,
				ADAEF96D21E4E4EE0038F467 /* Extensions.swift */,
				ADAEF96F21E4E4EE0038F467 /* GeneralUITest.swift */,
				ADAEF97021E4E4EE0038F467 /* LoginUITest.swift */,
				ADAEF96721E4E4D90038F467 /* Info.plist */,
			);
			path = LoginAppUITests;
			sourceTree = "<group>";
		};
/* End PBXGroup section */

/* Begin PBXNativeTarget section */
		5DDE0B5F21E364C9001F52B5 /* LoginApp */ = {
			isa = PBXNativeTarget;
			buildConfigurationList = 5DDE0B7221E364CC001F52B5 /* Build configuration list for PBXNativeTarget "LoginApp" */;
			buildPhases = (
				5DDE0B5C21E364C9001F52B5 /* Sources */,
				5DDE0B5D21E364C9001F52B5 /* Frameworks */,
				5DDE0B5E21E364C9001F52B5 /* Resources */,
			);
			buildRules = (
			);
			dependencies = (
			);
			name = LoginApp;
			productName = LoginApp;
			productReference = 5DDE0B6021E364C9001F52B5 /* LoginApp.app */;
			productType = "com.apple.product-type.application";
		};
		ADAEF96221E4E4D80038F467 /* LoginAppUITests */ = {
			isa = PBXNativeTarget;
			buildConfigurationList = ADAEF96A21E4E4D90038F467 /* Build configuration list for PBXNativeTarget "LoginAppUITests" */;
			buildPhases = (
				ADAEF95F21E4E4D80038F467 /* Sources */,
				ADAEF96021E4E4D80038F467 /* Frameworks */,
				ADAEF96121E4E4D80038F467 /* Resources */,
			);
			buildRules = (
			);
			dependencies = (
				ADAEF96921E4E4D90038F467 /* PBXTargetDependency */,
			);
			name = LoginAppUITests;
			productName = LoginAppUITests;
			productReference = ADAEF96321E4E4D80038F467 /* LoginAppUITests.xctest */;
			productType = "com.apple.product-type.bundle.ui-testing";
		};
/* End PBXNativeTarget section */

/* Begin PBXProject section */
		5DDE0B5821E364C9001F52B5 /* Project object */ = {
			isa = PBXProject;
			attributes = {
				LastSwiftUpdateCheck = 1000;
				LastUpgradeCheck = 1010;
				ORGANIZATIONNAME = Anastasia;
				TargetAttributes = {
					5DDE0B5F21E364C9001F52B5 = {
						CreatedOnToolsVersion = 10.1;
					};
					ADAEF96221E4E4D80038F467 = {
						CreatedOnToolsVersion = 10.0;
						TestTargetID = 5DDE0B5F21E364C9001F52B5;
					};
				};
			};
			buildConfigurationList = 5DDE0B5B21E364C9001F52B5 /* Build configuration list for PBXProject "LoginApp" */;
			compatibilityVersion = "Xcode 9.3";
			developmentRegion = en;
			hasScannedForEncodings = 0;
			knownRegions = (
				en,
				Base,
			);
			mainGroup = 5DDE0B5721E364C9001F52B5;
			productRefGroup = 5DDE0B6121E364C9001F52B5 /* Products */;
			projectDirPath = "";
			projectRoot = "";
			targets = (
				5DDE0B5F21E364C9001F52B5 /* LoginApp */,
				ADAEF96221E4E4D80038F467 /* LoginAppUITests */,
			);
		};
/* End PBXProject section */

/* Begin PBXResourcesBuildPhase section */
		5DDE0B5E21E364C9001F52B5 /* Resources */ = {
			isa = PBXResourcesBuildPhase;
			buildActionMask = 2147483647;
			files = (
				5DDE0B7621E364F7001F52B5 /* Main.storyboard in Resources */,
				5DDE0B6E21E364CC001F52B5 /* LaunchScreen.storyboard in Resources */,
				5DDE0B6B21E364CC001F52B5 /* Assets.xcassets in Resources */,
			);
			runOnlyForDeploymentPostprocessing = 0;
		};
		ADAEF96121E4E4D80038F467 /* Resources */ = {
			isa = PBXResourcesBuildPhase;
			buildActionMask = 2147483647;
			files = (
			);
			runOnlyForDeploymentPostprocessing = 0;
		};
/* End PBXResourcesBuildPhase section */

/* Begin PBXSourcesBuildPhase section */
		5DDE0B5C21E364C9001F52B5 /* Sources */ = {
			isa = PBXSourcesBuildPhase;
			buildActionMask = 2147483647;
			files = (
				5DDE0B7821E36542001F52B5 /* ProfileViewController.swift in Sources */,
				5DDE0B6621E364C9001F52B5 /* ViewController.swift in Sources */,
				5DDE0B6421E364C9001F52B5 /* AppDelegate.swift in Sources */,
			);
			runOnlyForDeploymentPostprocessing = 0;
		};
		ADAEF95F21E4E4D80038F467 /* Sources */ = {
			isa = PBXSourcesBuildPhase;
			buildActionMask = 2147483647;
			files = (
				ADAEF97221E4E4EF0038F467 /* ApplicationWindow.swift in Sources */,
				ADAEF97321E4E4EF0038F467 /* GeneralUITest.swift in Sources */,
				ADAEF97421E4E4EF0038F467 /* LoginUITest.swift in Sources */,
				ADAEF97121E4E4EF0038F467 /* Extensions.swift in Sources */,
			);
			runOnlyForDeploymentPostprocessing = 0;
		};
/* End PBXSourcesBuildPhase section */

/* Begin PBXTargetDependency section */
		ADAEF96921E4E4D90038F467 /* PBXTargetDependency */ = {
			isa = PBXTargetDependency;
			target = 5DDE0B5F21E364C9001F52B5 /* LoginApp */;
			targetProxy = ADAEF96821E4E4D90038F467 /* PBXContainerItemProxy */;
		};
/* End PBXTargetDependency section */

/* Begin PBXVariantGroup section */
		5DDE0B6C21E364CC001F52B5 /* LaunchScreen.storyboard */ = {
			isa = PBXVariantGroup;
			children = (
				5DDE0B6D21E364CC001F52B5 /* Base */,
			);
			name = LaunchScreen.storyboard;
			sourceTree = "<group>";
		};
/* End PBXVariantGroup section */

/* Begin XCBuildConfiguration section */
		5DDE0B7021E364CC001F52B5 /* Debug */ = {
			isa = XCBuildConfiguration;
			buildSettings = {
				ALWAYS_SEARCH_USER_PATHS = NO;
				CLANG_ANALYZER_NONNULL = YES;
				CLANG_ANALYZER_NUMBER_OBJECT_CONVERSION = YES_AGGRESSIVE;
				CLANG_CXX_LANGUAGE_STANDARD = "gnu++14";
				CLANG_CXX_LIBRARY = "libc++";
				CLANG_ENABLE_MODULES = YES;
				CLANG_ENABLE_OBJC_ARC = YES;
				CLANG_ENABLE_OBJC_WEAK = YES;
				CLANG_WARN_BLOCK_CAPTURE_AUTORELEASING = YES;
				CLANG_WARN_BOOL_CONVERSION = YES;
				CLANG_WARN_COMMA = YES;
				CLANG_WARN_CONSTANT_CONVERSION = YES;
				CLANG_WARN_DEPRECATED_OBJC_IMPLEMENTATIONS = YES;
				CLANG_WARN_DIRECT_OBJC_ISA_USAGE = YES_ERROR;
				CLANG_WARN_DOCUMENTATION_COMMENTS = YES;
				CLANG_WARN_EMPTY_BODY = YES;
				CLANG_WARN_ENUM_CONVERSION = YES;
				CLANG_WARN_INFINITE_RECURSION = YES;
				CLANG_WARN_INT_CONVERSION = YES;
				CLANG_WARN_NON_LITERAL_NULL_CONVERSION = YES;
				CLANG_WARN_OBJC_IMPLICIT_RETAIN_SELF = YES;
				CLANG_WARN_OBJC_LITERAL_CONVERSION = YES;
				CLANG_WARN_OBJC_ROOT_CLASS = YES_ERROR;
				CLANG_WARN_RANGE_LOOP_ANALYSIS = YES;
				CLANG_WARN_STRICT_PROTOTYPES = YES;
				CLANG_WARN_SUSPICIOUS_MOVE = YES;
				CLANG_WARN_UNGUARDED_AVAILABILITY = YES_AGGRESSIVE;
				CLANG_WARN_UNREACHABLE_CODE = YES;
				CLANG_WARN__DUPLICATE_METHOD_MATCH = YES;
				CODE_SIGN_IDENTITY = "iPhone Developer";
				COPY_PHASE_STRIP = NO;
				DEBUG_INFORMATION_FORMAT = dwarf;
				ENABLE_STRICT_OBJC_MSGSEND = YES;
				ENABLE_TESTABILITY = YES;
				GCC_C_LANGUAGE_STANDARD = gnu11;
				GCC_DYNAMIC_NO_PIC = NO;
				GCC_NO_COMMON_BLOCKS = YES;
				GCC_OPTIMIZATION_LEVEL = 0;
				GCC_PREPROCESSOR_DEFINITIONS = (
					"DEBUG=1",
					"$(inherited)",
				);
				GCC_WARN_64_TO_32_BIT_CONVERSION = YES;
				GCC_WARN_ABOUT_RETURN_TYPE = YES_ERROR;
				GCC_WARN_UNDECLARED_SELECTOR = YES;
				GCC_WARN_UNINITIALIZED_AUTOS = YES_AGGRESSIVE;
				GCC_WARN_UNUSED_FUNCTION = YES;
				GCC_WARN_UNUSED_VARIABLE = YES;
				IPHONEOS_DEPLOYMENT_TARGET = 12.1;
				MTL_ENABLE_DEBUG_INFO = INCLUDE_SOURCE;
				MTL_FAST_MATH = YES;
				ONLY_ACTIVE_ARCH = YES;
				SDKROOT = iphoneos;
				SWIFT_ACTIVE_COMPILATION_CONDITIONS = DEBUG;
				SWIFT_OPTIMIZATION_LEVEL = "-Onone";
			};
			name = Debug;
		};
		5DDE0B7121E364CC001F52B5 /* Release */ = {
			isa = XCBuildConfiguration;
			buildSettings = {
				ALWAYS_SEARCH_USER_PATHS = NO;
				CLANG_ANALYZER_NONNULL = YES;
				CLANG_ANALYZER_NUMBER_OBJECT_CONVERSION = YES_AGGRESSIVE;
				CLANG_CXX_LANGUAGE_STANDARD = "gnu++14";
				CLANG_CXX_LIBRARY = "libc++";
				CLANG_ENABLE_MODULES = YES;
				CLANG_ENABLE_OBJC_ARC = YES;
				CLANG_ENABLE_OBJC_WEAK = YES;
				CLANG_WARN_BLOCK_CAPTURE_AUTORELEASING = YES;
				CLANG_WARN_BOOL_CONVERSION = YES;
				CLANG_WARN_COMMA = YES;
				CLANG_WARN_CONSTANT_CONVERSION = YES;
				CLANG_WARN_DEPRECATED_OBJC_IMPLEMENTATIONS = YES;
				CLANG_WARN_DIRECT_OBJC_ISA_USAGE = YES_ERROR;
				CLANG_WARN_DOCUMENTATION_COMMENTS = YES;
				CLANG_WARN_EMPTY_BODY = YES;
				CLANG_WARN_ENUM_CONVERSION = YES;
				CLANG_WARN_INFINITE_RECURSION = YES;
				CLANG_WARN_INT_CONVERSION = YES;
				CLANG_WARN_NON_LITERAL_NULL_CONVERSION = YES;
				CLANG_WARN_OBJC_IMPLICIT_RETAIN_SELF = YES;
				CLANG_WARN_OBJC_LITERAL_CONVERSION = YES;
				CLANG_WARN_OBJC_ROOT_CLASS = YES_ERROR;
				CLANG_WARN_RANGE_LOOP_ANALYSIS = YES;
				CLANG_WARN_STRICT_PROTOTYPES = YES;
				CLANG_WARN_SUSPICIOUS_MOVE = YES;
				CLANG_WARN_UNGUARDED_AVAILABILITY = YES_AGGRESSIVE;
				CLANG_WARN_UNREACHABLE_CODE = YES;
				CLANG_WARN__DUPLICATE_METHOD_MATCH = YES;
				CODE_SIGN_IDENTITY = "iPhone Developer";
				COPY_PHASE_STRIP = NO;
				DEBUG_INFORMATION_FORMAT = "dwarf-with-dsym";
				ENABLE_NS_ASSERTIONS = NO;
				ENABLE_STRICT_OBJC_MSGSEND = YES;
				GCC_C_LANGUAGE_STANDARD = gnu11;
				GCC_NO_COMMON_BLOCKS = YES;
				GCC_WARN_64_TO_32_BIT_CONVERSION = YES;
				GCC_WARN_ABOUT_RETURN_TYPE = YES_ERROR;
				GCC_WARN_UNDECLARED_SELECTOR = YES;
				GCC_WARN_UNINITIALIZED_AUTOS = YES_AGGRESSIVE;
				GCC_WARN_UNUSED_FUNCTION = YES;
				GCC_WARN_UNUSED_VARIABLE = YES;
				IPHONEOS_DEPLOYMENT_TARGET = 12.1;
				MTL_ENABLE_DEBUG_INFO = NO;
				MTL_FAST_MATH = YES;
				SDKROOT = iphoneos;
				SWIFT_COMPILATION_MODE = wholemodule;
				SWIFT_OPTIMIZATION_LEVEL = "-O";
				VALIDATE_PRODUCT = YES;
			};
			name = Release;
		};
		5DDE0B7321E364CC001F52B5 /* Debug */ = {
			isa = XCBuildConfiguration;
			buildSettings = {
				ASSETCATALOG_COMPILER_APPICON_NAME = AppIcon;
				CODE_SIGN_STYLE = Automatic;
				INFOPLIST_FILE = LoginApp/Info.plist;
				IPHONEOS_DEPLOYMENT_TARGET = 12.0;
				LD_RUNPATH_SEARCH_PATHS = (
					"$(inherited)",
					"@executable_path/Frameworks",
				);
				PRODUCT_BUNDLE_IDENTIFIER = as.LoginApp;
				PRODUCT_NAME = "$(TARGET_NAME)";
				SWIFT_VERSION = 4.2;
				TARGETED_DEVICE_FAMILY = "1,2";
			};
			name = Debug;
		};
		5DDE0B7421E364CC001F52B5 /* Release */ = {
			isa = XCBuildConfiguration;
			buildSettings = {
				ASSETCATALOG_COMPILER_APPICON_NAME = AppIcon;
				CODE_SIGN_STYLE = Automatic;
				INFOPLIST_FILE = LoginApp/Info.plist;
				IPHONEOS_DEPLOYMENT_TARGET = 12.0;
				LD_RUNPATH_SEARCH_PATHS = (
					"$(inherited)",
					"@executable_path/Frameworks",
				);
				PRODUCT_BUNDLE_IDENTIFIER = as.LoginApp;
				PRODUCT_NAME = "$(TARGET_NAME)";
				SWIFT_VERSION = 4.2;
				TARGETED_DEVICE_FAMILY = "1,2";
			};
			name = Release;
		};
		ADAEF96B21E4E4D90038F467 /* Debug */ = {
			isa = XCBuildConfiguration;
			buildSettings = {
				CODE_SIGN_STYLE = Automatic;
				INFOPLIST_FILE = LoginAppUITests/Info.plist;
				IPHONEOS_DEPLOYMENT_TARGET = 12.0;
				LD_RUNPATH_SEARCH_PATHS = (
					"$(inherited)",
					"@executable_path/Frameworks",
					"@loader_path/Frameworks",
				);
				PRODUCT_BUNDLE_IDENTIFIER = meow.LoginAppUITests;
				PRODUCT_NAME = "$(TARGET_NAME)";
				SWIFT_VERSION = 4.2;
				TARGETED_DEVICE_FAMILY = "1,2";
				TEST_TARGET_NAME = LoginApp;
			};
			name = Debug;
		};
		ADAEF96C21E4E4D90038F467 /* Release */ = {
			isa = XCBuildConfiguration;
			buildSettings = {
				CODE_SIGN_STYLE = Automatic;
				INFOPLIST_FILE = LoginAppUITests/Info.plist;
				IPHONEOS_DEPLOYMENT_TARGET = 12.0;
				LD_RUNPATH_SEARCH_PATHS = (
					"$(inherited)",
					"@executable_path/Frameworks",
					"@loader_path/Frameworks",
				);
				PRODUCT_BUNDLE_IDENTIFIER = meow.LoginAppUITests;
				PRODUCT_NAME = "$(TARGET_NAME)";
				SWIFT_VERSION = 4.2;
				TARGETED_DEVICE_FAMILY = "1,2";
				TEST_TARGET_NAME = LoginApp;
			};
			name = Release;
		};
/* End XCBuildConfiguration section */

/* Begin XCConfigurationList section */
		5DDE0B5B21E364C9001F52B5 /* Build configuration list for PBXProject "LoginApp" */ = {
			isa = XCConfigurationList;
			buildConfigurations = (
				5DDE0B7021E364CC001F52B5 /* Debug */,
				5DDE0B7121E364CC001F52B5 /* Release */,
			);
			defaultConfigurationIsVisible = 0;
			defaultConfigurationName = Release;
		};
		5DDE0B7221E364CC001F52B5 /* Build configuration list for PBXNativeTarget "LoginApp" */ = {
			isa = XCConfigurationList;
			buildConfigurations = (
				5DDE0B7321E364CC001F52B5 /* Debug */,
				5DDE0B7421E364CC001F52B5 /* Release */,
			);
			defaultConfigurationIsVisible = 0;
			defaultConfigurationName = Release;
		};
		ADAEF96A21E4E4D90038F467 /* Build configuration list for PBXNativeTarget "LoginAppUITests" */ = {
			isa = XCConfigurationList;
			buildConfigurations = (
				ADAEF96B21E4E4D90038F467 /* Debug */,
				ADAEF96C21E4E4D90038F467 /* Release */,
			);
			defaultConfigurationIsVisible = 0;
			defaultConfigurationName = Release;
		};
/* End XCConfigurationList section */
	};
	rootObject = 5DDE0B5821E364C9001F52B5 /* Project object */;
}
